
Microsoft Visual Studio Solution File, Format Version 12.00
# Visual Studio Version 16
VisualStudioVersion = 16.0.29609.76
MinimumVisualStudioVersion = 10.0.40219.1
Project("{8BC9CEB8-8B4A-11D0-8D11-00A0C91BC942}") = "esercizio3", "esercizio3\esercizio3.vcxproj", "{7E7DA334-3137-4036-9245-C3AF9324D6F5}"
EndProject
Global
	GlobalSection(SolutionConfigurationPlatforms) = preSolution
		Debug|x64 = Debug|x64
		Debug|x86 = Debug|x86
		Release|x64 = Release|x64
		Release|x86 = Release|x86
	EndGlobalSection
	GlobalSection(ProjectConfigurationPlatforms) = postSolution
		{7E7DA334-3137-4036-9245-C3AF9324D6F5}.Debug|x64.ActiveCfg = Debug|x64
		{7E7DA334-3137-4036-9245-C3AF9324D6F5}.Debug|x64.Build.0 = Debug|x64
		{7E7DA334-3137-4036-9245-C3AF9324D6F5}.Debug|x86.ActiveCfg = Debug|Win32
		{7E7DA334-3137-4036-9245-C3AF9324D6F5}.Debug|x86.Build.0 = Debug|Win32
		{7E7DA334-3137-4036-9245-C3AF9324D6F5}.Release|x64.ActiveCfg = Release|x64
		{7E7DA334-3137-4036-9245-C3AF9324D6F5}.Release|x64.Build.0 = Release|x64
		{7E7DA334-3137-4036-9245-C3AF9324D6F5}.Release|x86.ActiveCfg = Release|Win32
		{7E7DA334-3137-4036-9245-C3AF9324D6F5}.Release|x86.Build.0 = Release|Win32
	EndGlobalSection
	GlobalSection(SolutionProperties) = preSolution
		HideSolutionNode = FALSE
	EndGlobalSection
	GlobalSection(ExtensibilityGlobals) = postSolution
		SolutionGuid = {D77AA9F0-6B74-4950-991E-75BD869E8B29}
	EndGlobalSection
EndGlobal
